
Microsoft Visual Studio Solution File, Format Version 12.00
# Visual Studio Version 17
VisualStudioVersion = 17.8.34511.84
MinimumVisualStudioVersion = 10.0.40219.1
Project("{FAE04EC0-301F-11D3-BF4B-00C04F79EFBC}") = "UsersMicroServices", "UsersMicroServices\UsersMicroServices.csproj", "{A85977AB-38C4-4FEF-96A7-325D424326AA}"
EndProject
Global
	GlobalSection(SolutionConfigurationPlatforms) = preSolution
		Debug|Any CPU = Debug|Any CPU
		Release|Any CPU = Release|Any CPU
	EndGlobalSection
	GlobalSection(ProjectConfigurationPlatforms) = postSolution
		{A85977AB-38C4-4FEF-96A7-325D424326AA}.Debug|Any CPU.ActiveCfg = Debug|Any CPU
		{A85977AB-38C4-4FEF-96A7-325D424326AA}.Debug|Any CPU.Build.0 = Debug|Any CPU
		{A85977AB-38C4-4FEF-96A7-325D424326AA}.Release|Any CPU.ActiveCfg = Release|Any CPU
		{A85977AB-38C4-4FEF-96A7-325D424326AA}.Release|Any CPU.Build.0 = Release|Any CPU
	EndGlobalSection
	GlobalSection(SolutionProperties) = preSolution
		HideSolutionNode = FALSE
	EndGlobalSection
	GlobalSection(ExtensibilityGlobals) = postSolution
		SolutionGuid = {89E3DEF4-1EC5-4EA0-9B59-C05EE865EEC1}
	EndGlobalSection
EndGlobal
